// !$*UTF8*$!
{
	archiveVersion = 1;
	classes = {
	};
	objectVersion = 52;
	objects = {

/* Begin PBXBuildFile section */
		84DC8E9426FDD6B0002515BC /* SenecaHeroesMultiApp.swift in Sources */ = {isa = PBXBuildFile; fileRef = 84DC8E8126FDD6AE002515BC /* SenecaHeroesMultiApp.swift */; };
		84DC8E9526FDD6B0002515BC /* SenecaHeroesMultiApp.swift in Sources */ = {isa = PBXBuildFile; fileRef = 84DC8E8126FDD6AE002515BC /* SenecaHeroesMultiApp.swift */; };
		84DC8E9826FDD6B0002515BC /* Assets.xcassets in Resources */ = {isa = PBXBuildFile; fileRef = 84DC8E8326FDD6B0002515BC /* Assets.xcassets */; };
		84DC8E9926FDD6B0002515BC /* Assets.xcassets in Resources */ = {isa = PBXBuildFile; fileRef = 84DC8E8326FDD6B0002515BC /* Assets.xcassets */; };
		84DC8EB126FDDD96002515BC /* KeychainSwift in Frameworks */ = {isa = PBXBuildFile; productRef = 84DC8EB026FDDD96002515BC /* KeychainSwift */; };
		84DC8ED226FEFB8F002515BC /* StatusModel.swift in Sources */ = {isa = PBXBuildFile; fileRef = 84DC8ED126FEFB8F002515BC /* StatusModel.swift */; };
		84DC8ED326FEFB8F002515BC /* StatusModel.swift in Sources */ = {isa = PBXBuildFile; fileRef = 84DC8ED126FEFB8F002515BC /* StatusModel.swift */; };
		84DC8ED726FEFEAB002515BC /* BaseNetwork.swift in Sources */ = {isa = PBXBuildFile; fileRef = 84DC8ED626FEFEAB002515BC /* BaseNetwork.swift */; };
		84DC8ED826FEFEAB002515BC /* BaseNetwork.swift in Sources */ = {isa = PBXBuildFile; fileRef = 84DC8ED626FEFEAB002515BC /* BaseNetwork.swift */; };
		84DC8EFC2700B616002515BC /* MainView.swift in Sources */ = {isa = PBXBuildFile; fileRef = 84DC8EFB2700B616002515BC /* MainView.swift */; };
		84DC8EFD2700B616002515BC /* MainView.swift in Sources */ = {isa = PBXBuildFile; fileRef = 84DC8EFB2700B616002515BC /* MainView.swift */; };
		84DC8F092700BFA3002515BC /* HeroListView.swift in Sources */ = {isa = PBXBuildFile; fileRef = 84DC8F082700BFA3002515BC /* HeroListView.swift */; };
		84DC8F0A2700BFA3002515BC /* HeroListView.swift in Sources */ = {isa = PBXBuildFile; fileRef = 84DC8F082700BFA3002515BC /* HeroListView.swift */; };
		84DC8F0E2700C529002515BC /* LoadingView.swift in Sources */ = {isa = PBXBuildFile; fileRef = 84DC8F0D2700C529002515BC /* LoadingView.swift */; };
		84DC8F0F2700C529002515BC /* LoadingView.swift in Sources */ = {isa = PBXBuildFile; fileRef = 84DC8F0D2700C529002515BC /* LoadingView.swift */; };
		84DC8F172700C9D7002515BC /* HeroRowView.swift in Sources */ = {isa = PBXBuildFile; fileRef = 84DC8F162700C9D7002515BC /* HeroRowView.swift */; };
		84DC8F182700C9D7002515BC /* HeroRowView.swift in Sources */ = {isa = PBXBuildFile; fileRef = 84DC8F162700C9D7002515BC /* HeroRowView.swift */; };
		84DC8F1E2700D4AE002515BC /* HerosViewModel.swift in Sources */ = {isa = PBXBuildFile; fileRef = 84DC8F1D2700D4AE002515BC /* HerosViewModel.swift */; };
		84DC8F1F2700D4AE002515BC /* HerosViewModel.swift in Sources */ = {isa = PBXBuildFile; fileRef = 84DC8F1D2700D4AE002515BC /* HerosViewModel.swift */; };
		84DC8F232700D8BC002515BC /* PhotoViewModel.swift in Sources */ = {isa = PBXBuildFile; fileRef = 84DC8F222700D8BC002515BC /* PhotoViewModel.swift */; };
		84DC8F242700D8BC002515BC /* PhotoViewModel.swift in Sources */ = {isa = PBXBuildFile; fileRef = 84DC8F222700D8BC002515BC /* PhotoViewModel.swift */; };
		84DC8F282700E26D002515BC /* SeriesListView.swift in Sources */ = {isa = PBXBuildFile; fileRef = 84DC8F272700E26D002515BC /* SeriesListView.swift */; };
		84DC8F292700E26D002515BC /* SeriesListView.swift in Sources */ = {isa = PBXBuildFile; fileRef = 84DC8F272700E26D002515BC /* SeriesListView.swift */; };
		84DC8F342700E9D3002515BC /* SeriesViewModel.swift in Sources */ = {isa = PBXBuildFile; fileRef = 84DC8F332700E9D3002515BC /* SeriesViewModel.swift */; };
		84DC8F352700E9D3002515BC /* SeriesViewModel.swift in Sources */ = {isa = PBXBuildFile; fileRef = 84DC8F332700E9D3002515BC /* SeriesViewModel.swift */; };
		84DC8F392700ECF9002515BC /* SeriesRowView.swift in Sources */ = {isa = PBXBuildFile; fileRef = 84DC8F382700ECF9002515BC /* SeriesRowView.swift */; };
		84DC8F3A2700ECF9002515BC /* SeriesRowView.swift in Sources */ = {isa = PBXBuildFile; fileRef = 84DC8F382700ECF9002515BC /* SeriesRowView.swift */; };
/* End PBXBuildFile section */

/* Begin PBXFileReference section */
		84DC8E8126FDD6AE002515BC /* SenecaHeroesMultiApp.swift */ = {isa = PBXFileReference; lastKnownFileType = sourcecode.swift; path = SenecaHeroesMultiApp.swift; sourceTree = "<group>"; };
		84DC8E8326FDD6B0002515BC /* Assets.xcassets */ = {isa = PBXFileReference; lastKnownFileType = folder.assetcatalog; path = Assets.xcassets; sourceTree = "<group>"; };
		84DC8E8826FDD6B0002515BC /* SenecaHeroesMulti.app */ = {isa = PBXFileReference; explicitFileType = wrapper.application; includeInIndex = 0; path = SenecaHeroesMulti.app; sourceTree = BUILT_PRODUCTS_DIR; };
		84DC8E8B26FDD6B0002515BC /* Info.plist */ = {isa = PBXFileReference; lastKnownFileType = text.plist.xml; path = Info.plist; sourceTree = "<group>"; };
		84DC8E9026FDD6B0002515BC /* SenecaHeroesMulti.app */ = {isa = PBXFileReference; explicitFileType = wrapper.application; includeInIndex = 0; path = SenecaHeroesMulti.app; sourceTree = BUILT_PRODUCTS_DIR; };
		84DC8E9226FDD6B0002515BC /* Info.plist */ = {isa = PBXFileReference; lastKnownFileType = text.plist.xml; path = Info.plist; sourceTree = "<group>"; };
		84DC8E9326FDD6B0002515BC /* macOS.entitlements */ = {isa = PBXFileReference; lastKnownFileType = text.plist.entitlements; path = macOS.entitlements; sourceTree = "<group>"; };
		84DC8ED126FEFB8F002515BC /* StatusModel.swift */ = {isa = PBXFileReference; lastKnownFileType = sourcecode.swift; path = StatusModel.swift; sourceTree = "<group>"; };
		84DC8ED626FEFEAB002515BC /* BaseNetwork.swift */ = {isa = PBXFileReference; lastKnownFileType = sourcecode.swift; path = BaseNetwork.swift; sourceTree = "<group>"; };
		84DC8EFB2700B616002515BC /* MainView.swift */ = {isa = PBXFileReference; lastKnownFileType = sourcecode.swift; path = MainView.swift; sourceTree = "<group>"; };
		84DC8F082700BFA3002515BC /* HeroListView.swift */ = {isa = PBXFileReference; lastKnownFileType = sourcecode.swift; path = HeroListView.swift; sourceTree = "<group>"; };
		84DC8F0D2700C529002515BC /* LoadingView.swift */ = {isa = PBXFileReference; lastKnownFileType = sourcecode.swift; path = LoadingView.swift; sourceTree = "<group>"; };
		84DC8F162700C9D7002515BC /* HeroRowView.swift */ = {isa = PBXFileReference; lastKnownFileType = sourcecode.swift; path = HeroRowView.swift; sourceTree = "<group>"; };
		84DC8F1D2700D4AE002515BC /* HerosViewModel.swift */ = {isa = PBXFileReference; lastKnownFileType = sourcecode.swift; path = HerosViewModel.swift; sourceTree = "<group>"; };
		84DC8F222700D8BC002515BC /* PhotoViewModel.swift */ = {isa = PBXFileReference; lastKnownFileType = sourcecode.swift; path = PhotoViewModel.swift; sourceTree = "<group>"; };
		84DC8F272700E26D002515BC /* SeriesListView.swift */ = {isa = PBXFileReference; lastKnownFileType = sourcecode.swift; path = SeriesListView.swift; sourceTree = "<group>"; };
		84DC8F332700E9D3002515BC /* SeriesViewModel.swift */ = {isa = PBXFileReference; lastKnownFileType = sourcecode.swift; path = SeriesViewModel.swift; sourceTree = "<group>"; };
		84DC8F382700ECF9002515BC /* SeriesRowView.swift */ = {isa = PBXFileReference; lastKnownFileType = sourcecode.swift; path = SeriesRowView.swift; sourceTree = "<group>"; };
/* End PBXFileReference section */

/* Begin PBXFrameworksBuildPhase section */
		84DC8E8526FDD6B0002515BC /* Frameworks */ = {
			isa = PBXFrameworksBuildPhase;
			buildActionMask = 2147483647;
			files = (
				84DC8EB126FDDD96002515BC /* KeychainSwift in Frameworks */,
			);
			runOnlyForDeploymentPostprocessing = 0;
		};
		84DC8E8D26FDD6B0002515BC /* Frameworks */ = {
			isa = PBXFrameworksBuildPhase;
			buildActionMask = 2147483647;
			files = (
			);
			runOnlyForDeploymentPostprocessing = 0;
		};
/* End PBXFrameworksBuildPhase section */

/* Begin PBXGroup section */
		84DC8E7B26FDD6AD002515BC = {
			isa = PBXGroup;
			children = (
				84DC8E8026FDD6AD002515BC /* Shared */,
				84DC8E8A26FDD6B0002515BC /* iOS */,
				84DC8E9126FDD6B0002515BC /* macOS */,
				84DC8E8926FDD6B0002515BC /* Products */,
			);
			sourceTree = "<group>";
		};
		84DC8E8026FDD6AD002515BC /* Shared */ = {
			isa = PBXGroup;
			children = (
				84DC8E8126FDD6AE002515BC /* SenecaHeroesMultiApp.swift */,
				84DC8EA826FDD779002515BC /* View */,
				84DC8EA726FDD75E002515BC /* ViewModel */,
				84DC8EA626FDD73F002515BC /* Models */,
				84DC8E8326FDD6B0002515BC /* Assets.xcassets */,
			);
			path = Shared;
			sourceTree = "<group>";
		};
		84DC8E8926FDD6B0002515BC /* Products */ = {
			isa = PBXGroup;
			children = (
				84DC8E8826FDD6B0002515BC /* SenecaHeroesMulti.app */,
				84DC8E9026FDD6B0002515BC /* SenecaHeroesMulti.app */,
			);
			name = Products;
			sourceTree = "<group>";
		};
		84DC8E8A26FDD6B0002515BC /* iOS */ = {
			isa = PBXGroup;
			children = (
				84DC8E8B26FDD6B0002515BC /* Info.plist */,
			);
			path = iOS;
			sourceTree = "<group>";
		};
		84DC8E9126FDD6B0002515BC /* macOS */ = {
			isa = PBXGroup;
			children = (
				84DC8E9226FDD6B0002515BC /* Info.plist */,
				84DC8E9326FDD6B0002515BC /* macOS.entitlements */,
			);
			path = macOS;
			sourceTree = "<group>";
		};
		84DC8EA626FDD73F002515BC /* Models */ = {
			isa = PBXGroup;
			children = (
				84DC8ED126FEFB8F002515BC /* StatusModel.swift */,
			);
			path = Models;
			sourceTree = "<group>";
		};
		84DC8EA726FDD75E002515BC /* ViewModel */ = {
			isa = PBXGroup;
			children = (
				84DC8F1D2700D4AE002515BC /* HerosViewModel.swift */,
				84DC8F332700E9D3002515BC /* SeriesViewModel.swift */,
				84DC8F222700D8BC002515BC /* PhotoViewModel.swift */,
				84DC8EA926FDD799002515BC /* Services */,
			);
			path = ViewModel;
			sourceTree = "<group>";
		};
		84DC8EA826FDD779002515BC /* View */ = {
			isa = PBXGroup;
			children = (
				84DC8EFB2700B616002515BC /* MainView.swift */,
				84DC8F0D2700C529002515BC /* LoadingView.swift */,
				84DC8EF62700863F002515BC /* Series */,
				84DC8EF527007CA1002515BC /* Heros */,
			);
			path = View;
			sourceTree = "<group>";
		};
		84DC8EA926FDD799002515BC /* Services */ = {
			isa = PBXGroup;
			children = (
				84DC8ED626FEFEAB002515BC /* BaseNetwork.swift */,
			);
			path = Services;
			sourceTree = "<group>";
		};
		84DC8EF527007CA1002515BC /* Heros */ = {
			isa = PBXGroup;
			children = (
				84DC8F082700BFA3002515BC /* HeroListView.swift */,
				84DC8F162700C9D7002515BC /* HeroRowView.swift */,
			);
			path = Heros;
			sourceTree = "<group>";
		};
		84DC8EF62700863F002515BC /* Series */ = {
			isa = PBXGroup;
			children = (
				84DC8F272700E26D002515BC /* SeriesListView.swift */,
				84DC8F382700ECF9002515BC /* SeriesRowView.swift */,
			);
			path = Series;
			sourceTree = "<group>";
		};
/* End PBXGroup section */

/* Begin PBXNativeTarget section */
		84DC8E8726FDD6B0002515BC /* SenecaHeroesMulti (iOS) */ = {
			isa = PBXNativeTarget;
			buildConfigurationList = 84DC8E9C26FDD6B0002515BC /* Build configuration list for PBXNativeTarget "SenecaHeroesMulti (iOS)" */;
			buildPhases = (
				84DC8E8426FDD6B0002515BC /* Sources */,
				84DC8E8526FDD6B0002515BC /* Frameworks */,
				84DC8E8626FDD6B0002515BC /* Resources */,
			);
			buildRules = (
			);
			dependencies = (
			);
			name = "SenecaHeroesMulti (iOS)";
			packageProductDependencies = (
				84DC8EB026FDDD96002515BC /* KeychainSwift */,
			);
			productName = "SenecaHeroesMulti (iOS)";
			productReference = 84DC8E8826FDD6B0002515BC /* SenecaHeroesMulti.app */;
			productType = "com.apple.product-type.application";
		};
		84DC8E8F26FDD6B0002515BC /* SenecaHeroesMulti (macOS) */ = {
			isa = PBXNativeTarget;
			buildConfigurationList = 84DC8E9F26FDD6B0002515BC /* Build configuration list for PBXNativeTarget "SenecaHeroesMulti (macOS)" */;
			buildPhases = (
				84DC8E8C26FDD6B0002515BC /* Sources */,
				84DC8E8D26FDD6B0002515BC /* Frameworks */,
				84DC8E8E26FDD6B0002515BC /* Resources */,
			);
			buildRules = (
			);
			dependencies = (
			);
			name = "SenecaHeroesMulti (macOS)";
			productName = "SenecaHeroesMulti (macOS)";
			productReference = 84DC8E9026FDD6B0002515BC /* SenecaHeroesMulti.app */;
			productType = "com.apple.product-type.application";
		};
/* End PBXNativeTarget section */

/* Begin PBXProject section */
		84DC8E7C26FDD6AD002515BC /* Project object */ = {
			isa = PBXProject;
			attributes = {
				LastSwiftUpdateCheck = 1240;
				LastUpgradeCheck = 1240;
				TargetAttributes = {
					84DC8E8726FDD6B0002515BC = {
						CreatedOnToolsVersion = 12.4;
					};
					84DC8E8F26FDD6B0002515BC = {
						CreatedOnToolsVersion = 12.4;
					};
				};
			};
			buildConfigurationList = 84DC8E7F26FDD6AD002515BC /* Build configuration list for PBXProject "SenecaHeroesMulti" */;
			compatibilityVersion = "Xcode 9.3";
			developmentRegion = en;
			hasScannedForEncodings = 0;
			knownRegions = (
				en,
				Base,
				es,
			);
			mainGroup = 84DC8E7B26FDD6AD002515BC;
			packageReferences = (
				84DC8EAF26FDDD96002515BC /* XCRemoteSwiftPackageReference "keychain-swift" */,
			);
			productRefGroup = 84DC8E8926FDD6B0002515BC /* Products */;
			projectDirPath = "";
			projectRoot = "";
			targets = (
				84DC8E8726FDD6B0002515BC /* SenecaHeroesMulti (iOS) */,
				84DC8E8F26FDD6B0002515BC /* SenecaHeroesMulti (macOS) */,
			);
		};
/* End PBXProject section */

/* Begin PBXResourcesBuildPhase section */
		84DC8E8626FDD6B0002515BC /* Resources */ = {
			isa = PBXResourcesBuildPhase;
			buildActionMask = 2147483647;
			files = (
				84DC8E9826FDD6B0002515BC /* Assets.xcassets in Resources */,
			);
			runOnlyForDeploymentPostprocessing = 0;
		};
		84DC8E8E26FDD6B0002515BC /* Resources */ = {
			isa = PBXResourcesBuildPhase;
			buildActionMask = 2147483647;
			files = (
				84DC8E9926FDD6B0002515BC /* Assets.xcassets in Resources */,
			);
			runOnlyForDeploymentPostprocessing = 0;
		};
/* End PBXResourcesBuildPhase section */

/* Begin PBXSourcesBuildPhase section */
		84DC8E8426FDD6B0002515BC /* Sources */ = {
			isa = PBXSourcesBuildPhase;
			buildActionMask = 2147483647;
			files = (
				84DC8ED226FEFB8F002515BC /* StatusModel.swift in Sources */,
				84DC8EFC2700B616002515BC /* MainView.swift in Sources */,
				84DC8ED726FEFEAB002515BC /* BaseNetwork.swift in Sources */,
				84DC8F342700E9D3002515BC /* SeriesViewModel.swift in Sources */,
				84DC8F282700E26D002515BC /* SeriesListView.swift in Sources */,
				84DC8F092700BFA3002515BC /* HeroListView.swift in Sources */,
				84DC8F1E2700D4AE002515BC /* HerosViewModel.swift in Sources */,
				84DC8F392700ECF9002515BC /* SeriesRowView.swift in Sources */,
				84DC8F172700C9D7002515BC /* HeroRowView.swift in Sources */,
				84DC8F0E2700C529002515BC /* LoadingView.swift in Sources */,
				84DC8E9426FDD6B0002515BC /* SenecaHeroesMultiApp.swift in Sources */,
				84DC8F232700D8BC002515BC /* PhotoViewModel.swift in Sources */,
			);
			runOnlyForDeploymentPostprocessing = 0;
		};
		84DC8E8C26FDD6B0002515BC /* Sources */ = {
			isa = PBXSourcesBuildPhase;
			buildActionMask = 2147483647;
			files = (
				84DC8E9526FDD6B0002515BC /* SenecaHeroesMultiApp.swift in Sources */,
				84DC8EFD2700B616002515BC /* MainView.swift in Sources */,
				84DC8ED326FEFB8F002515BC /* StatusModel.swift in Sources */,
				84DC8F352700E9D3002515BC /* SeriesViewModel.swift in Sources */,
				84DC8F292700E26D002515BC /* SeriesListView.swift in Sources */,
				84DC8F0A2700BFA3002515BC /* HeroListView.swift in Sources */,
				84DC8F1F2700D4AE002515BC /* HerosViewModel.swift in Sources */,
				84DC8F3A2700ECF9002515BC /* SeriesRowView.swift in Sources */,
				84DC8F182700C9D7002515BC /* HeroRowView.swift in Sources */,
				84DC8F0F2700C529002515BC /* LoadingView.swift in Sources */,
				84DC8ED826FEFEAB002515BC /* BaseNetwork.swift in Sources */,
				84DC8F242700D8BC002515BC /* PhotoViewModel.swift in Sources */,
			);
			runOnlyForDeploymentPostprocessing = 0;
		};
/* End PBXSourcesBuildPhase section */

/* Begin XCBuildConfiguration section */
		84DC8E9A26FDD6B0002515BC /* Debug */ = {
			isa = XCBuildConfiguration;
			buildSettings = {
				ALWAYS_SEARCH_USER_PATHS = NO;
				CLANG_ANALYZER_NONNULL = YES;
				CLANG_ANALYZER_NUMBER_OBJECT_CONVERSION = YES_AGGRESSIVE;
				CLANG_CXX_LANGUAGE_STANDARD = "gnu++14";
				CLANG_CXX_LIBRARY = "libc++";
				CLANG_ENABLE_MODULES = YES;
				CLANG_ENABLE_OBJC_ARC = YES;
				CLANG_ENABLE_OBJC_WEAK = YES;
				CLANG_WARN_BLOCK_CAPTURE_AUTORELEASING = YES;
				CLANG_WARN_BOOL_CONVERSION = YES;
				CLANG_WARN_COMMA = YES;
				CLANG_WARN_CONSTANT_CONVERSION = YES;
				CLANG_WARN_DEPRECATED_OBJC_IMPLEMENTATIONS = YES;
				CLANG_WARN_DIRECT_OBJC_ISA_USAGE = YES_ERROR;
				CLANG_WARN_DOCUMENTATION_COMMENTS = YES;
				CLANG_WARN_EMPTY_BODY = YES;
				CLANG_WARN_ENUM_CONVERSION = YES;
				CLANG_WARN_INFINITE_RECURSION = YES;
				CLANG_WARN_INT_CONVERSION = YES;
				CLANG_WARN_NON_LITERAL_NULL_CONVERSION = YES;
				CLANG_WARN_OBJC_IMPLICIT_RETAIN_SELF = YES;
				CLANG_WARN_OBJC_LITERAL_CONVERSION = YES;
				CLANG_WARN_OBJC_ROOT_CLASS = YES_ERROR;
				CLANG_WARN_QUOTED_INCLUDE_IN_FRAMEWORK_HEADER = YES;
				CLANG_WARN_RANGE_LOOP_ANALYSIS = YES;
				CLANG_WARN_STRICT_PROTOTYPES = YES;
				CLANG_WARN_SUSPICIOUS_MOVE = YES;
				CLANG_WARN_UNGUARDED_AVAILABILITY = YES_AGGRESSIVE;
				CLANG_WARN_UNREACHABLE_CODE = YES;
				CLANG_WARN__DUPLICATE_METHOD_MATCH = YES;
				COPY_PHASE_STRIP = NO;
				DEBUG_INFORMATION_FORMAT = dwarf;
				ENABLE_STRICT_OBJC_MSGSEND = YES;
				ENABLE_TESTABILITY = YES;
				GCC_C_LANGUAGE_STANDARD = gnu11;
				GCC_DYNAMIC_NO_PIC = NO;
				GCC_NO_COMMON_BLOCKS = YES;
				GCC_OPTIMIZATION_LEVEL = 0;
				GCC_PREPROCESSOR_DEFINITIONS = (
					"DEBUG=1",
					"$(inherited)",
				);
				GCC_WARN_64_TO_32_BIT_CONVERSION = YES;
				GCC_WARN_ABOUT_RETURN_TYPE = YES_ERROR;
				GCC_WARN_UNDECLARED_SELECTOR = YES;
				GCC_WARN_UNINITIALIZED_AUTOS = YES_AGGRESSIVE;
				GCC_WARN_UNUSED_FUNCTION = YES;
				GCC_WARN_UNUSED_VARIABLE = YES;
				MTL_ENABLE_DEBUG_INFO = INCLUDE_SOURCE;
				MTL_FAST_MATH = YES;
				ONLY_ACTIVE_ARCH = YES;
				SWIFT_ACTIVE_COMPILATION_CONDITIONS = DEBUG;
				SWIFT_OPTIMIZATION_LEVEL = "-Onone";
			};
			name = Debug;
		};
		84DC8E9B26FDD6B0002515BC /* Release */ = {
			isa = XCBuildConfiguration;
			buildSettings = {
				ALWAYS_SEARCH_USER_PATHS = NO;
				CLANG_ANALYZER_NONNULL = YES;
				CLANG_ANALYZER_NUMBER_OBJECT_CONVERSION = YES_AGGRESSIVE;
				CLANG_CXX_LANGUAGE_STANDARD = "gnu++14";
				CLANG_CXX_LIBRARY = "libc++";
				CLANG_ENABLE_MODULES = YES;
				CLANG_ENABLE_OBJC_ARC = YES;
				CLANG_ENABLE_OBJC_WEAK = YES;
				CLANG_WARN_BLOCK_CAPTURE_AUTORELEASING = YES;
				CLANG_WARN_BOOL_CONVERSION = YES;
				CLANG_WARN_COMMA = YES;
				CLANG_WARN_CONSTANT_CONVERSION = YES;
				CLANG_WARN_DEPRECATED_OBJC_IMPLEMENTATIONS = YES;
				CLANG_WARN_DIRECT_OBJC_ISA_USAGE = YES_ERROR;
				CLANG_WARN_DOCUMENTATION_COMMENTS = YES;
				CLANG_WARN_EMPTY_BODY = YES;
				CLANG_WARN_ENUM_CONVERSION = YES;
				CLANG_WARN_INFINITE_RECURSION = YES;
				CLANG_WARN_INT_CONVERSION = YES;
				CLANG_WARN_NON_LITERAL_NULL_CONVERSION = YES;
				CLANG_WARN_OBJC_IMPLICIT_RETAIN_SELF = YES;
				CLANG_WARN_OBJC_LITERAL_CONVERSION = YES;
				CLANG_WARN_OBJC_ROOT_CLASS = YES_ERROR;
				CLANG_WARN_QUOTED_INCLUDE_IN_FRAMEWORK_HEADER = YES;
				CLANG_WARN_RANGE_LOOP_ANALYSIS = YES;
				CLANG_WARN_STRICT_PROTOTYPES = YES;
				CLANG_WARN_SUSPICIOUS_MOVE = YES;
				CLANG_WARN_UNGUARDED_AVAILABILITY = YES_AGGRESSIVE;
				CLANG_WARN_UNREACHABLE_CODE = YES;
				CLANG_WARN__DUPLICATE_METHOD_MATCH = YES;
				COPY_PHASE_STRIP = NO;
				DEBUG_INFORMATION_FORMAT = "dwarf-with-dsym";
				ENABLE_NS_ASSERTIONS = NO;
				ENABLE_STRICT_OBJC_MSGSEND = YES;
				GCC_C_LANGUAGE_STANDARD = gnu11;
				GCC_NO_COMMON_BLOCKS = YES;
				GCC_WARN_64_TO_32_BIT_CONVERSION = YES;
				GCC_WARN_ABOUT_RETURN_TYPE = YES_ERROR;
				GCC_WARN_UNDECLARED_SELECTOR = YES;
				GCC_WARN_UNINITIALIZED_AUTOS = YES_AGGRESSIVE;
				GCC_WARN_UNUSED_FUNCTION = YES;
				GCC_WARN_UNUSED_VARIABLE = YES;
				MTL_ENABLE_DEBUG_INFO = NO;
				MTL_FAST_MATH = YES;
				SWIFT_COMPILATION_MODE = wholemodule;
				SWIFT_OPTIMIZATION_LEVEL = "-O";
			};
			name = Release;
		};
		84DC8E9D26FDD6B0002515BC /* Debug */ = {
			isa = XCBuildConfiguration;
			buildSettings = {
				ASSETCATALOG_COMPILER_APPICON_NAME = AppIcon;
				ASSETCATALOG_COMPILER_GLOBAL_ACCENT_COLOR_NAME = AccentColor;
				CODE_SIGN_STYLE = Automatic;
				DEVELOPMENT_TEAM = 2Y7264B3FK;
				ENABLE_PREVIEWS = YES;
				INFOPLIST_FILE = iOS/Info.plist;
				IPHONEOS_DEPLOYMENT_TARGET = 14.0;
				LD_RUNPATH_SEARCH_PATHS = (
					"$(inherited)",
					"@executable_path/Frameworks",
				);
				PRODUCT_BUNDLE_IDENTIFIER = com.dinamica.SenecaHeroesMulti;
				PRODUCT_NAME = SenecaHeroesMulti;
				SDKROOT = iphoneos;
				SWIFT_VERSION = 5.0;
				TARGETED_DEVICE_FAMILY = "1,2";
			};
			name = Debug;
		};
		84DC8E9E26FDD6B0002515BC /* Release */ = {
			isa = XCBuildConfiguration;
			buildSettings = {
				ASSETCATALOG_COMPILER_APPICON_NAME = AppIcon;
				ASSETCATALOG_COMPILER_GLOBAL_ACCENT_COLOR_NAME = AccentColor;
				CODE_SIGN_STYLE = Automatic;
				DEVELOPMENT_TEAM = 2Y7264B3FK;
				ENABLE_PREVIEWS = YES;
				INFOPLIST_FILE = iOS/Info.plist;
				IPHONEOS_DEPLOYMENT_TARGET = 14.0;
				LD_RUNPATH_SEARCH_PATHS = (
					"$(inherited)",
					"@executable_path/Frameworks",
				);
				PRODUCT_BUNDLE_IDENTIFIER = com.dinamica.SenecaHeroesMulti;
				PRODUCT_NAME = SenecaHeroesMulti;
				SDKROOT = iphoneos;
				SWIFT_VERSION = 5.0;
				TARGETED_DEVICE_FAMILY = "1,2";
				VALIDATE_PRODUCT = YES;
			};
			name = Release;
		};
		84DC8EA026FDD6B0002515BC /* Debug */ = {
			isa = XCBuildConfiguration;
			buildSettings = {
				ASSETCATALOG_COMPILER_APPICON_NAME = AppIcon;
				ASSETCATALOG_COMPILER_GLOBAL_ACCENT_COLOR_NAME = AccentColor;
				CODE_SIGN_ENTITLEMENTS = macOS/macOS.entitlements;
				CODE_SIGN_STYLE = Automatic;
				COMBINE_HIDPI_IMAGES = YES;
				DEVELOPMENT_TEAM = 2Y7264B3FK;
				ENABLE_HARDENED_RUNTIME = YES;
				ENABLE_PREVIEWS = YES;
				INFOPLIST_FILE = macOS/Info.plist;
				LD_RUNPATH_SEARCH_PATHS = (
					"$(inherited)",
					"@executable_path/../Frameworks",
				);
				MACOSX_DEPLOYMENT_TARGET = 11.0;
				PRODUCT_BUNDLE_IDENTIFIER = com.dinamica.SenecaHeroesMulti;
				PRODUCT_NAME = SenecaHeroesMulti;
				SDKROOT = macosx;
				SWIFT_VERSION = 5.0;
			};
			name = Debug;
		};
		84DC8EA126FDD6B0002515BC /* Release */ = {
			isa = XCBuildConfiguration;
			buildSettings = {
				ASSETCATALOG_COMPILER_APPICON_NAME = AppIcon;
				ASSETCATALOG_COMPILER_GLOBAL_ACCENT_COLOR_NAME = AccentColor;
				CODE_SIGN_ENTITLEMENTS = macOS/macOS.entitlements;
				CODE_SIGN_STYLE = Automatic;
				COMBINE_HIDPI_IMAGES = YES;
				DEVELOPMENT_TEAM = 2Y7264B3FK;
				ENABLE_HARDENED_RUNTIME = YES;
				ENABLE_PREVIEWS = YES;
				INFOPLIST_FILE = macOS/Info.plist;
				LD_RUNPATH_SEARCH_PATHS = (
					"$(inherited)",
					"@executable_path/../Frameworks",
				);
				MACOSX_DEPLOYMENT_TARGET = 11.0;
				PRODUCT_BUNDLE_IDENTIFIER = com.dinamica.SenecaHeroesMulti;
				PRODUCT_NAME = SenecaHeroesMulti;
				SDKROOT = macosx;
				SWIFT_VERSION = 5.0;
			};
			name = Release;
		};
/* End XCBuildConfiguration section */

/* Begin XCConfigurationList section */
		84DC8E7F26FDD6AD002515BC /* Build configuration list for PBXProject "SenecaHeroesMulti" */ = {
			isa = XCConfigurationList;
			buildConfigurations = (
				84DC8E9A26FDD6B0002515BC /* Debug */,
				84DC8E9B26FDD6B0002515BC /* Release */,
			);
			defaultConfigurationIsVisible = 0;
			defaultConfigurationName = Release;
		};
		84DC8E9C26FDD6B0002515BC /* Build configuration list for PBXNativeTarget "SenecaHeroesMulti (iOS)" */ = {
			isa = XCConfigurationList;
			buildConfigurations = (
				84DC8E9D26FDD6B0002515BC /* Debug */,
				84DC8E9E26FDD6B0002515BC /* Release */,
			);
			defaultConfigurationIsVisible = 0;
			defaultConfigurationName = Release;
		};
		84DC8E9F26FDD6B0002515BC /* Build configuration list for PBXNativeTarget "SenecaHeroesMulti (macOS)" */ = {
			isa = XCConfigurationList;
			buildConfigurations = (
				84DC8EA026FDD6B0002515BC /* Debug */,
				84DC8EA126FDD6B0002515BC /* Release */,
			);
			defaultConfigurationIsVisible = 0;
			defaultConfigurationName = Release;
		};
/* End XCConfigurationList section */

/* Begin XCRemoteSwiftPackageReference section */
		84DC8EAF26FDDD96002515BC /* XCRemoteSwiftPackageReference "keychain-swift" */ = {
			isa = XCRemoteSwiftPackageReference;
			repositoryURL = "https://github.com/evgenyneu/keychain-swift.git";
			requirement = {
				kind = upToNextMajorVersion;
				minimumVersion = 19.0.0;
			};
		};
/* End XCRemoteSwiftPackageReference section */

/* Begin XCSwiftPackageProductDependency section */
		84DC8EB026FDDD96002515BC /* KeychainSwift */ = {
			isa = XCSwiftPackageProductDependency;
			package = 84DC8EAF26FDDD96002515BC /* XCRemoteSwiftPackageReference "keychain-swift" */;
			productName = KeychainSwift;
		};
/* End XCSwiftPackageProductDependency section */
	};
	rootObject = 84DC8E7C26FDD6AD002515BC /* Project object */;
}
